// !$*UTF8*$!
{
	archiveVersion = 1;
	classes = {
	};
	objectVersion = 46;
	objects = {

/* Begin PBXBuildFile section */
		4044A6DA1D236C7C006898D4 /* main.m in Sources */ = {isa = PBXBuildFile; fileRef = 4044A6D91D236C7C006898D4 /* main.m */; };
		4044A6DD1D236C7C006898D4 /* AppDelegate.m in Sources */ = {isa = PBXBuildFile; fileRef = 4044A6DC1D236C7C006898D4 /* AppDelegate.m */; };
		4044A6E01D236C7C006898D4 /* ViewController.m in Sources */ = {isa = PBXBuildFile; fileRef = 4044A6DF1D236C7C006898D4 /* ViewController.m */; };
		4044A6E31D236C7C006898D4 /* Main.storyboard in Resources */ = {isa = PBXBuildFile; fileRef = 4044A6E11D236C7C006898D4 /* Main.storyboard */; };
		4044A6E51D236C7C006898D4 /* Assets.xcassets in Resources */ = {isa = PBXBuildFile; fileRef = 4044A6E41D236C7C006898D4 /* Assets.xcassets */; };
		4044A6E81D236C7C006898D4 /* LaunchScreen.storyboard in Resources */ = {isa = PBXBuildFile; fileRef = 4044A6E61D236C7C006898D4 /* LaunchScreen.storyboard */; };
		4044A6F11D236CD8006898D4 /* EdgeInsetsLabel.m in Sources */ = {isa = PBXBuildFile; fileRef = 4044A6F01D236CD8006898D4 /* EdgeInsetsLabel.m */; };
		4044A6F41D23D046006898D4 /* demo2.png in Resources */ = {isa = PBXBuildFile; fileRef = 4044A6F21D23D046006898D4 /* demo2.png */; };
		4044A6F51D23D046006898D4 /* demo.png in Resources */ = {isa = PBXBuildFile; fileRef = 4044A6F31D23D046006898D4 /* demo.png */; };
/* End PBXBuildFile section */

/* Begin PBXFileReference section */
		4044A6D51D236C7C006898D4 /* EdgeInsetsLabel.app */ = {isa = PBXFileReference; explicitFileType = wrapper.application; includeInIndex = 0; path = EdgeInsetsLabel.app; sourceTree = BUILT_PRODUCTS_DIR; };
		4044A6D91D236C7C006898D4 /* main.m */ = {isa = PBXFileReference; lastKnownFileType = sourcecode.c.objc; path = main.m; sourceTree = "<group>"; };
		4044A6DB1D236C7C006898D4 /* AppDelegate.h */ = {isa = PBXFileReference; lastKnownFileType = sourcecode.c.h; path = AppDelegate.h; sourceTree = "<group>"; };
		4044A6DC1D236C7C006898D4 /* AppDelegate.m */ = {isa = PBXFileReference; lastKnownFileType = sourcecode.c.objc; path = AppDelegate.m; sourceTree = "<group>"; };
		4044A6DE1D236C7C006898D4 /* ViewController.h */ = {isa = PBXFileReference; lastKnownFileType = sourcecode.c.h; path = ViewController.h; sourceTree = "<group>"; };
		4044A6DF1D236C7C006898D4 /* ViewController.m */ = {isa = PBXFileReference; lastKnownFileType = sourcecode.c.objc; path = ViewController.m; sourceTree = "<group>"; };
		4044A6E21D236C7C006898D4 /* Base */ = {isa = PBXFileReference; lastKnownFileType = file.storyboard; name = Base; path = Base.lproj/Main.storyboard; sourceTree = "<group>"; };
		4044A6E41D236C7C006898D4 /* Assets.xcassets */ = {isa = PBXFileReference; lastKnownFileType = folder.assetcatalog; path = Assets.xcassets; sourceTree = "<group>"; };
		4044A6E71D236C7C006898D4 /* Base */ = {isa = PBXFileReference; lastKnownFileType = file.storyboard; name = Base; path = Base.lproj/LaunchScreen.storyboard; sourceTree = "<group>"; };
		4044A6E91D236C7C006898D4 /* Info.plist */ = {isa = PBXFileReference; lastKnownFileType = text.plist.xml; path = Info.plist; sourceTree = "<group>"; };
		4044A6EF1D236CD8006898D4 /* EdgeInsetsLabel.h */ = {isa = PBXFileReference; fileEncoding = 4; lastKnownFileType = sourcecode.c.h; path = EdgeInsetsLabel.h; sourceTree = "<group>"; };
		4044A6F01D236CD8006898D4 /* EdgeInsetsLabel.m */ = {isa = PBXFileReference; fileEncoding = 4; lastKnownFileType = sourcecode.c.objc; path = EdgeInsetsLabel.m; sourceTree = "<group>"; };
		4044A6F21D23D046006898D4 /* demo2.png */ = {isa = PBXFileReference; lastKnownFileType = image.png; name = demo2.png; path = EdgeInsetsLabel/demo2.png; sourceTree = "<group>"; };
		4044A6F31D23D046006898D4 /* demo.png */ = {isa = PBXFileReference; lastKnownFileType = image.png; name = demo.png; path = EdgeInsetsLabel/demo.png; sourceTree = "<group>"; };
/* End PBXFileReference section */

/* Begin PBXFrameworksBuildPhase section */
		4044A6D21D236C7C006898D4 /* Frameworks */ = {
			isa = PBXFrameworksBuildPhase;
			buildActionMask = 2147483647;
			files = (
			);
			runOnlyForDeploymentPostprocessing = 0;
		};
/* End PBXFrameworksBuildPhase section */

/* Begin PBXGroup section */
		4044A6CC1D236C7C006898D4 = {
			isa = PBXGroup;
			children = (
				4044A6F31D23D046006898D4 /* demo.png */,
				4044A6F21D23D046006898D4 /* demo2.png */,
				4044A6D71D236C7C006898D4 /* EdgeInsetsLabel */,
				4044A6D61D236C7C006898D4 /* Products */,
			);
			sourceTree = "<group>";
		};
		4044A6D61D236C7C006898D4 /* Products */ = {
			isa = PBXGroup;
			children = (
				4044A6D51D236C7C006898D4 /* EdgeInsetsLabel.app */,
			);
			name = Products;
			sourceTree = "<group>";
		};
		4044A6D71D236C7C006898D4 /* EdgeInsetsLabel */ = {
			isa = PBXGroup;
			children = (
				4044A6DB1D236C7C006898D4 /* AppDelegate.h */,
				4044A6DC1D236C7C006898D4 /* AppDelegate.m */,
				4044A6DE1D236C7C006898D4 /* ViewController.h */,
				4044A6DF1D236C7C006898D4 /* ViewController.m */,
				4044A6E11D236C7C006898D4 /* Main.storyboard */,
				4044A6EF1D236CD8006898D4 /* EdgeInsetsLabel.h */,
				4044A6F01D236CD8006898D4 /* EdgeInsetsLabel.m */,
				4044A6E41D236C7C006898D4 /* Assets.xcassets */,
				4044A6E61D236C7C006898D4 /* LaunchScreen.storyboard */,
				4044A6E91D236C7C006898D4 /* Info.plist */,
				4044A6D81D236C7C006898D4 /* Supporting Files */,
			);
			path = EdgeInsetsLabel;
			sourceTree = "<group>";
		};
		4044A6D81D236C7C006898D4 /* Supporting Files */ = {
			isa = PBXGroup;
			children = (
				4044A6D91D236C7C006898D4 /* main.m */,
			);
			name = "Supporting Files";
			sourceTree = "<group>";
		};
/* End PBXGroup section */

/* Begin PBXNativeTarget section */
		4044A6D41D236C7C006898D4 /* EdgeInsetsLabel */ = {
			isa = PBXNativeTarget;
			buildConfigurationList = 4044A6EC1D236C7C006898D4 /* Build configuration list for PBXNativeTarget "EdgeInsetsLabel" */;
			buildPhases = (
				4044A6D11D236C7C006898D4 /* Sources */,
				4044A6D21D236C7C006898D4 /* Frameworks */,
				4044A6D31D236C7C006898D4 /* Resources */,
			);
			buildRules = (
			);
			dependencies = (
			);
			name = EdgeInsetsLabel;
			productName = EdgeInsetsLabel;
			productReference = 4044A6D51D236C7C006898D4 /* EdgeInsetsLabel.app */;
			productType = "com.apple.product-type.application";
		};
/* End PBXNativeTarget section */

/* Begin PBXProject section */
		4044A6CD1D236C7C006898D4 /* Project object */ = {
			isa = PBXProject;
			attributes = {
				LastUpgradeCheck = 0730;
				ORGANIZATIONNAME = wq;
				TargetAttributes = {
					4044A6D41D236C7C006898D4 = {
						CreatedOnToolsVersion = 7.3;
						DevelopmentTeam = RFVL6M28MZ;
					};
				};
			};
			buildConfigurationList = 4044A6D01D236C7C006898D4 /* Build configuration list for PBXProject "EdgeInsetsLabel" */;
			compatibilityVersion = "Xcode 3.2";
			developmentRegion = English;
			hasScannedForEncodings = 0;
			knownRegions = (
				en,
				Base,
			);
			mainGroup = 4044A6CC1D236C7C006898D4;
			productRefGroup = 4044A6D61D236C7C006898D4 /* Products */;
			projectDirPath = "";
			projectRoot = "";
			targets = (
				4044A6D41D236C7C006898D4 /* EdgeInsetsLabel */,
			);
		};
/* End PBXProject section */

/* Begin PBXResourcesBuildPhase section */
		4044A6D31D236C7C006898D4 /* Resources */ = {
			isa = PBXResourcesBuildPhase;
			buildActionMask = 2147483647;
			files = (
				4044A6E81D236C7C006898D4 /* LaunchScreen.storyboard in Resources */,
				4044A6F51D23D046006898D4 /* demo.png in Resources */,
				4044A6E51D236C7C006898D4 /* Assets.xcassets in Resources */,
				4044A6E31D236C7C006898D4 /* Main.storyboard in Resources */,
				4044A6F41D23D046006898D4 /* demo2.png in Resources */,
			);
			runOnlyForDeploymentPostprocessing = 0;
		};
/* End PBXResourcesBuildPhase section */

/* Begin PBXSourcesBuildPhase section */
		4044A6D11D236C7C006898D4 /* Sources */ = {
			isa = PBXSourcesBuildPhase;
			buildActionMask = 2147483647;
			files = (
				4044A6E01D236C7C006898D4 /* ViewController.m in Sources */,
				4044A6DD1D236C7C006898D4 /* AppDelegate.m in Sources */,
				4044A6DA1D236C7C006898D4 /* main.m in Sources */,
				4044A6F11D236CD8006898D4 /* EdgeInsetsLabel.m in Sources */,
			);
			runOnlyForDeploymentPostprocessing = 0;
		};
/* End PBXSourcesBuildPhase section */

/* Begin PBXVariantGroup section */
		4044A6E11D236C7C006898D4 /* Main.storyboard */ = {
			isa = PBXVariantGroup;
			children = (
				4044A6E21D236C7C006898D4 /* Base */,
			);
			name = Main.storyboard;
			sourceTree = "<group>";
		};
		4044A6E61D236C7C006898D4 /* LaunchScreen.storyboard */ = {
			isa = PBXVariantGroup;
			children = (
				4044A6E71D236C7C006898D4 /* Base */,
			);
			name = LaunchScreen.storyboard;
			sourceTree = "<group>";
		};
/* End PBXVariantGroup section */

/* Begin XCBuildConfiguration section */
		4044A6EA1D236C7C006898D4 /* Debug */ = {
			isa = XCBuildConfiguration;
			buildSettings = {
				ALWAYS_SEARCH_USER_PATHS = NO;
				CLANG_ANALYZER_NONNULL = YES;
				CLANG_CXX_LANGUAGE_STANDARD = "gnu++0x";
				CLANG_CXX_LIBRARY = "libc++";
				CLANG_ENABLE_MODULES = YES;
				CLANG_ENABLE_OBJC_ARC = YES;
				CLANG_WARN_BOOL_CONVERSION = YES;
				CLANG_WARN_CONSTANT_CONVERSION = YES;
				CLANG_WARN_DIRECT_OBJC_ISA_USAGE = YES_ERROR;
				CLANG_WARN_EMPTY_BODY = YES;
				CLANG_WARN_ENUM_CONVERSION = YES;
				CLANG_WARN_INT_CONVERSION = YES;
				CLANG_WARN_OBJC_ROOT_CLASS = YES_ERROR;
				CLANG_WARN_UNREACHABLE_CODE = YES;
				CLANG_WARN__DUPLICATE_METHOD_MATCH = YES;
				"CODE_SIGN_IDENTITY[sdk=iphoneos*]" = "iPhone Developer";
				COPY_PHASE_STRIP = NO;
				DEBUG_INFORMATION_FORMAT = dwarf;
				ENABLE_STRICT_OBJC_MSGSEND = YES;
				ENABLE_TESTABILITY = YES;
				GCC_C_LANGUAGE_STANDARD = gnu99;
				GCC_DYNAMIC_NO_PIC = NO;
				GCC_NO_COMMON_BLOCKS = YES;
				GCC_OPTIMIZATION_LEVEL = 0;
				GCC_PREPROCESSOR_DEFINITIONS = (
					"DEBUG=1",
					"$(inherited)",
				);
				GCC_WARN_64_TO_32_BIT_CONVERSION = YES;
				GCC_WARN_ABOUT_RETURN_TYPE = YES_ERROR;
				GCC_WARN_UNDECLARED_SELECTOR = YES;
				GCC_WARN_UNINITIALIZED_AUTOS = YES_AGGRESSIVE;
				GCC_WARN_UNUSED_FUNCTION = YES;
				GCC_WARN_UNUSED_VARIABLE = YES;
				IPHONEOS_DEPLOYMENT_TARGET = 9.3;
				MTL_ENABLE_DEBUG_INFO = YES;
				ONLY_ACTIVE_ARCH = YES;
				SDKROOT = iphoneos;
				TARGETED_DEVICE_FAMILY = "1,2";
			};
			name = Debug;
		};
		4044A6EB1D236C7C006898D4 /* Release */ = {
			isa = XCBuildConfiguration;
			buildSettings = {
				ALWAYS_SEARCH_USER_PATHS = NO;
				CLANG_ANALYZER_NONNULL = YES;
				CLANG_CXX_LANGUAGE_STANDARD = "gnu++0x";
				CLANG_CXX_LIBRARY = "libc++";
				CLANG_ENABLE_MODULES = YES;
				CLANG_ENABLE_OBJC_ARC = YES;
				CLANG_WARN_BOOL_CONVERSION = YES;
				CLANG_WARN_CONSTANT_CONVERSION = YES;
				CLANG_WARN_DIRECT_OBJC_ISA_USAGE = YES_ERROR;
				CLANG_WARN_EMPTY_BODY = YES;
				CLANG_WARN_ENUM_CONVERSION = YES;
				CLANG_WARN_INT_CONVERSION = YES;
				CLANG_WARN_OBJC_ROOT_CLASS = YES_ERROR;
				CLANG_WARN_UNREACHABLE_CODE = YES;
				CLANG_WARN__DUPLICATE_METHOD_MATCH = YES;
				"CODE_SIGN_IDENTITY[sdk=iphoneos*]" = "iPhone Developer";
				COPY_PHASE_STRIP = NO;
				DEBUG_INFORMATION_FORMAT = "dwarf-with-dsym";
				ENABLE_NS_ASSERTIONS = NO;
				ENABLE_STRICT_OBJC_MSGSEND = YES;
				GCC_C_LANGUAGE_STANDARD = gnu99;
				GCC_NO_COMMON_BLOCKS = YES;
				GCC_WARN_64_TO_32_BIT_CONVERSION = YES;
				GCC_WARN_ABOUT_RETURN_TYPE = YES_ERROR;
				GCC_WARN_UNDECLARED_SELECTOR = YES;
				GCC_WARN_UNINITIALIZED_AUTOS = YES_AGGRESSIVE;
				GCC_WARN_UNUSED_FUNCTION = YES;
				GCC_WARN_UNUSED_VARIABLE = YES;
				IPHONEOS_DEPLOYMENT_TARGET = 9.3;
				MTL_ENABLE_DEBUG_INFO = NO;
				SDKROOT = iphoneos;
				TARGETED_DEVICE_FAMILY = "1,2";
				VALIDATE_PRODUCT = YES;
			};
			name = Release;
		};
		4044A6ED1D236C7C006898D4 /* Debug */ = {
			isa = XCBuildConfiguration;
			buildSettings = {
				ASSETCATALOG_COMPILER_APPICON_NAME = AppIcon;
				INFOPLIST_FILE = EdgeInsetsLabel/Info.plist;
				LD_RUNPATH_SEARCH_PATHS = "$(inherited) @executable_path/Frameworks";
				PRODUCT_BUNDLE_IDENTIFIER = com.wq.EdgeInsetsLabel;
				PRODUCT_NAME = "$(TARGET_NAME)";
			};
			name = Debug;
		};
		4044A6EE1D236C7C006898D4 /* Release */ = {
			isa = XCBuildConfiguration;
			buildSettings = {
				ASSETCATALOG_COMPILER_APPICON_NAME = AppIcon;
				INFOPLIST_FILE = EdgeInsetsLabel/Info.plist;
				LD_RUNPATH_SEARCH_PATHS = "$(inherited) @executable_path/Frameworks";
				PRODUCT_BUNDLE_IDENTIFIER = com.wq.EdgeInsetsLabel;
				PRODUCT_NAME = "$(TARGET_NAME)";
			};
			name = Release;
		};
/* End XCBuildConfiguration section */

/* Begin XCConfigurationList section */
		4044A6D01D236C7C006898D4 /* Build configuration list for PBXProject "EdgeInsetsLabel" */ = {
			isa = XCConfigurationList;
			buildConfigurations = (
				4044A6EA1D236C7C006898D4 /* Debug */,
				4044A6EB1D236C7C006898D4 /* Release */,
			);
			defaultConfigurationIsVisible = 0;
			defaultConfigurationName = Release;
		};
		4044A6EC1D236C7C006898D4 /* Build configuration list for PBXNativeTarget "EdgeInsetsLabel" */ = {
			isa = XCConfigurationList;
			buildConfigurations = (
				4044A6ED1D236C7C006898D4 /* Debug */,
				4044A6EE1D236C7C006898D4 /* Release */,
			);
			defaultConfigurationIsVisible = 0;
			defaultConfigurationName = Release;
		};
/* End XCConfigurationList section */
	};
	rootObject = 4044A6CD1D236C7C006898D4 /* Project object */;
}
